
Microsoft Visual Studio Solution File, Format Version 12.00
Project("{FAE04EC0-301F-11D3-BF4B-00C04F79EFBC}") = "IngressoApi", "IngressoApi\IngressoApi.csproj", "{323A76A3-10C5-4DA9-B28A-35C97B980D75}"
EndProject
Project("{FAE04EC0-301F-11D3-BF4B-00C04F79EFBC}") = "IngressoConsumer", "IngressoConsumer\IngressoConsumer.csproj", "{44A84A9A-9D78-4D48-8EB3-CB8CF346F5AA}"
EndProject
Global
	GlobalSection(SolutionConfigurationPlatforms) = preSolution
		Debug|Any CPU = Debug|Any CPU
		Release|Any CPU = Release|Any CPU
	EndGlobalSection
	GlobalSection(ProjectConfigurationPlatforms) = postSolution
		{323A76A3-10C5-4DA9-B28A-35C97B980D75}.Debug|Any CPU.ActiveCfg = Debug|Any CPU
		{323A76A3-10C5-4DA9-B28A-35C97B980D75}.Debug|Any CPU.Build.0 = Debug|Any CPU
		{323A76A3-10C5-4DA9-B28A-35C97B980D75}.Release|Any CPU.ActiveCfg = Release|Any CPU
		{323A76A3-10C5-4DA9-B28A-35C97B980D75}.Release|Any CPU.Build.0 = Release|Any CPU
		{44A84A9A-9D78-4D48-8EB3-CB8CF346F5AA}.Debug|Any CPU.ActiveCfg = Debug|Any CPU
		{44A84A9A-9D78-4D48-8EB3-CB8CF346F5AA}.Debug|Any CPU.Build.0 = Debug|Any CPU
		{44A84A9A-9D78-4D48-8EB3-CB8CF346F5AA}.Release|Any CPU.ActiveCfg = Release|Any CPU
		{44A84A9A-9D78-4D48-8EB3-CB8CF346F5AA}.Release|Any CPU.Build.0 = Release|Any CPU
	EndGlobalSection
EndGlobal
